// !$*UTF8*$!
{
	archiveVersion = 1;
	classes = {
	};
	objectVersion = 56;
	objects = {

/* Begin PBXBuildFile section */
		C5BB22E22B2854D200C7E306 /* suiTestApp.swift in Sources */ = {isa = PBXBuildFile; fileRef = C5BB22E12B2854D200C7E306 /* suiTestApp.swift */; };
		C5BB22E42B2854D200C7E306 /* ContentView.swift in Sources */ = {isa = PBXBuildFile; fileRef = C5BB22E32B2854D200C7E306 /* ContentView.swift */; };
		C5BB22E62B2854D400C7E306 /* Assets.xcassets in Resources */ = {isa = PBXBuildFile; fileRef = C5BB22E52B2854D400C7E306 /* Assets.xcassets */; };
		C5BB22E92B2854D400C7E306 /* Preview Assets.xcassets in Resources */ = {isa = PBXBuildFile; fileRef = C5BB22E82B2854D400C7E306 /* Preview Assets.xcassets */; };
		C5BB22F02B2899AB00C7E306 /* TrafficLightHead.swift in Sources */ = {isa = PBXBuildFile; fileRef = C5BB22EF2B2899AB00C7E306 /* TrafficLightHead.swift */; };
		C5BB22F22B289D0400C7E306 /* ChangeLightButton.swift in Sources */ = {isa = PBXBuildFile; fileRef = C5BB22F12B289D0400C7E306 /* ChangeLightButton.swift */; };
		C5BB22F92B28C1DE00C7E306 /* TrafficLightColor.swift in Sources */ = {isa = PBXBuildFile; fileRef = C5BB22F82B28C1DE00C7E306 /* TrafficLightColor.swift */; };
/* End PBXBuildFile section */

/* Begin PBXFileReference section */
		C5BB22DE2B2854D200C7E306 /* suiTest.app */ = {isa = PBXFileReference; explicitFileType = wrapper.application; includeInIndex = 0; path = suiTest.app; sourceTree = BUILT_PRODUCTS_DIR; };
		C5BB22E12B2854D200C7E306 /* suiTestApp.swift */ = {isa = PBXFileReference; lastKnownFileType = sourcecode.swift; path = suiTestApp.swift; sourceTree = "<group>"; };
		C5BB22E32B2854D200C7E306 /* ContentView.swift */ = {isa = PBXFileReference; lastKnownFileType = sourcecode.swift; path = ContentView.swift; sourceTree = "<group>"; };
		C5BB22E52B2854D400C7E306 /* Assets.xcassets */ = {isa = PBXFileReference; lastKnownFileType = folder.assetcatalog; path = Assets.xcassets; sourceTree = "<group>"; };
		C5BB22E82B2854D400C7E306 /* Preview Assets.xcassets */ = {isa = PBXFileReference; lastKnownFileType = folder.assetcatalog; path = "Preview Assets.xcassets"; sourceTree = "<group>"; };
		C5BB22EF2B2899AB00C7E306 /* TrafficLightHead.swift */ = {isa = PBXFileReference; lastKnownFileType = sourcecode.swift; path = TrafficLightHead.swift; sourceTree = "<group>"; };
		C5BB22F12B289D0400C7E306 /* ChangeLightButton.swift */ = {isa = PBXFileReference; lastKnownFileType = sourcecode.swift; path = ChangeLightButton.swift; sourceTree = "<group>"; };
		C5BB22F82B28C1DE00C7E306 /* TrafficLightColor.swift */ = {isa = PBXFileReference; lastKnownFileType = sourcecode.swift; path = TrafficLightColor.swift; sourceTree = "<group>"; };
/* End PBXFileReference section */

/* Begin PBXFrameworksBuildPhase section */
		C5BB22DB2B2854D200C7E306 /* Frameworks */ = {
			isa = PBXFrameworksBuildPhase;
			buildActionMask = 2147483647;
			files = (
			);
			runOnlyForDeploymentPostprocessing = 0;
		};
/* End PBXFrameworksBuildPhase section */

/* Begin PBXGroup section */
		C5BB22D52B2854D200C7E306 = {
			isa = PBXGroup;
			children = (
				C5BB22E02B2854D200C7E306 /* suiTest */,
				C5BB22DF2B2854D200C7E306 /* Products */,
			);
			sourceTree = "<group>";
		};
		C5BB22DF2B2854D200C7E306 /* Products */ = {
			isa = PBXGroup;
			children = (
				C5BB22DE2B2854D200C7E306 /* suiTest.app */,
			);
			name = Products;
			sourceTree = "<group>";
		};
		C5BB22E02B2854D200C7E306 /* suiTest */ = {
			isa = PBXGroup;
			children = (
				C5BB22E12B2854D200C7E306 /* suiTestApp.swift */,
				C5BB22E32B2854D200C7E306 /* ContentView.swift */,
				C5BB22EF2B2899AB00C7E306 /* TrafficLightHead.swift */,
				C5BB22F12B289D0400C7E306 /* ChangeLightButton.swift */,
				C5BB22F82B28C1DE00C7E306 /* TrafficLightColor.swift */,
				C5BB22E52B2854D400C7E306 /* Assets.xcassets */,
				C5BB22E72B2854D400C7E306 /* Preview Content */,
			);
			path = suiTest;
			sourceTree = "<group>";
		};
		C5BB22E72B2854D400C7E306 /* Preview Content */ = {
			isa = PBXGroup;
			children = (
				C5BB22E82B2854D400C7E306 /* Preview Assets.xcassets */,
			);
			path = "Preview Content";
			sourceTree = "<group>";
		};
/* End PBXGroup section */

/* Begin PBXNativeTarget section */
		C5BB22DD2B2854D200C7E306 /* suiTest */ = {
			isa = PBXNativeTarget;
			buildConfigurationList = C5BB22EC2B2854D400C7E306 /* Build configuration list for PBXNativeTarget "suiTest" */;
			buildPhases = (
				C5BB22DA2B2854D200C7E306 /* Sources */,
				C5BB22DB2B2854D200C7E306 /* Frameworks */,
				C5BB22DC2B2854D200C7E306 /* Resources */,
			);
			buildRules = (
			);
			dependencies = (
			);
			name = suiTest;
			productName = suiTest;
			productReference = C5BB22DE2B2854D200C7E306 /* suiTest.app */;
			productType = "com.apple.product-type.application";
		};
/* End PBXNativeTarget section */

/* Begin PBXProject section */
		C5BB22D62B2854D200C7E306 /* Project object */ = {
			isa = PBXProject;
			attributes = {
				BuildIndependentTargetsInParallel = 1;
				LastSwiftUpdateCheck = 1500;
				LastUpgradeCheck = 1500;
				TargetAttributes = {
					C5BB22DD2B2854D200C7E306 = {
						CreatedOnToolsVersion = 15.0.1;
					};
				};
			};
			buildConfigurationList = C5BB22D92B2854D200C7E306 /* Build configuration list for PBXProject "suiTest" */;
			compatibilityVersion = "Xcode 14.0";
			developmentRegion = en;
			hasScannedForEncodings = 0;
			knownRegions = (
				en,
				Base,
			);
			mainGroup = C5BB22D52B2854D200C7E306;
			productRefGroup = C5BB22DF2B2854D200C7E306 /* Products */;
			projectDirPath = "";
			projectRoot = "";
			targets = (
				C5BB22DD2B2854D200C7E306 /* suiTest */,
			);
		};
/* End PBXProject section */

/* Begin PBXResourcesBuildPhase section */
		C5BB22DC2B2854D200C7E306 /* Resources */ = {
			isa = PBXResourcesBuildPhase;
			buildActionMask = 2147483647;
			files = (
				C5BB22E92B2854D400C7E306 /* Preview Assets.xcassets in Resources */,
				C5BB22E62B2854D400C7E306 /* Assets.xcassets in Resources */,
			);
			runOnlyForDeploymentPostprocessing = 0;
		};
/* End PBXResourcesBuildPhase section */

/* Begin PBXSourcesBuildPhase section */
		C5BB22DA2B2854D200C7E306 /* Sources */ = {
			isa = PBXSourcesBuildPhase;
			buildActionMask = 2147483647;
			files = (
				C5BB22F92B28C1DE00C7E306 /* TrafficLightColor.swift in Sources */,
				C5BB22F22B289D0400C7E306 /* ChangeLightButton.swift in Sources */,
				C5BB22E42B2854D200C7E306 /* ContentView.swift in Sources */,
				C5BB22F02B2899AB00C7E306 /* TrafficLightHead.swift in Sources */,
				C5BB22E22B2854D200C7E306 /* suiTestApp.swift in Sources */,
			);
			runOnlyForDeploymentPostprocessing = 0;
		};
/* End PBXSourcesBuildPhase section */

/* Begin XCBuildConfiguration section */
		C5BB22EA2B2854D400C7E306 /* Debug */ = {
			isa = XCBuildConfiguration;
			buildSettings = {
				ALWAYS_SEARCH_USER_PATHS = NO;
				ASSETCATALOG_COMPILER_GENERATE_SWIFT_ASSET_SYMBOL_EXTENSIONS = YES;
				CLANG_ANALYZER_NONNULL = YES;
				CLANG_ANALYZER_NUMBER_OBJECT_CONVERSION = YES_AGGRESSIVE;
				CLANG_CXX_LANGUAGE_STANDARD = "gnu++20";
				CLANG_ENABLE_MODULES = YES;
				CLANG_ENABLE_OBJC_ARC = YES;
				CLANG_ENABLE_OBJC_WEAK = YES;
				CLANG_WARN_BLOCK_CAPTURE_AUTORELEASING = YES;
				CLANG_WARN_BOOL_CONVERSION = YES;
				CLANG_WARN_COMMA = YES;
				CLANG_WARN_CONSTANT_CONVERSION = YES;
				CLANG_WARN_DEPRECATED_OBJC_IMPLEMENTATIONS = YES;
				CLANG_WARN_DIRECT_OBJC_ISA_USAGE = YES_ERROR;
				CLANG_WARN_DOCUMENTATION_COMMENTS = YES;
				CLANG_WARN_EMPTY_BODY = YES;
				CLANG_WARN_ENUM_CONVERSION = YES;
				CLANG_WARN_INFINITE_RECURSION = YES;
				CLANG_WARN_INT_CONVERSION = YES;
				CLANG_WARN_NON_LITERAL_NULL_CONVERSION = YES;
				CLANG_WARN_OBJC_IMPLICIT_RETAIN_SELF = YES;
				CLANG_WARN_OBJC_LITERAL_CONVERSION = YES;
				CLANG_WARN_OBJC_ROOT_CLASS = YES_ERROR;
				CLANG_WARN_QUOTED_INCLUDE_IN_FRAMEWORK_HEADER = YES;
				CLANG_WARN_RANGE_LOOP_ANALYSIS = YES;
				CLANG_WARN_STRICT_PROTOTYPES = YES;
				CLANG_WARN_SUSPICIOUS_MOVE = YES;
				CLANG_WARN_UNGUARDED_AVAILABILITY = YES_AGGRESSIVE;
				CLANG_WARN_UNREACHABLE_CODE = YES;
				CLANG_WARN__DUPLICATE_METHOD_MATCH = YES;
				COPY_PHASE_STRIP = NO;
				DEBUG_INFORMATION_FORMAT = dwarf;
				ENABLE_STRICT_OBJC_MSGSEND = YES;
				ENABLE_TESTABILITY = YES;
				ENABLE_USER_SCRIPT_SANDBOXING = YES;
				GCC_C_LANGUAGE_STANDARD = gnu17;
				GCC_DYNAMIC_NO_PIC = NO;
				GCC_NO_COMMON_BLOCKS = YES;
				GCC_OPTIMIZATION_LEVEL = 0;
				GCC_PREPROCESSOR_DEFINITIONS = (
					"DEBUG=1",
					"$(inherited)",
				);
				GCC_WARN_64_TO_32_BIT_CONVERSION = YES;
				GCC_WARN_ABOUT_RETURN_TYPE = YES_ERROR;
				GCC_WARN_UNDECLARED_SELECTOR = YES;
				GCC_WARN_UNINITIALIZED_AUTOS = YES_AGGRESSIVE;
				GCC_WARN_UNUSED_FUNCTION = YES;
				GCC_WARN_UNUSED_VARIABLE = YES;
				IPHONEOS_DEPLOYMENT_TARGET = 17.0;
				LOCALIZATION_PREFERS_STRING_CATALOGS = YES;
				MTL_ENABLE_DEBUG_INFO = INCLUDE_SOURCE;
				MTL_FAST_MATH = YES;
				ONLY_ACTIVE_ARCH = YES;
				SDKROOT = iphoneos;
				SWIFT_ACTIVE_COMPILATION_CONDITIONS = "DEBUG $(inherited)";
				SWIFT_OPTIMIZATION_LEVEL = "-Onone";
			};
			name = Debug;
		};
		C5BB22EB2B2854D400C7E306 /* Release */ = {
			isa = XCBuildConfiguration;
			buildSettings = {
				ALWAYS_SEARCH_USER_PATHS = NO;
				ASSETCATALOG_COMPILER_GENERATE_SWIFT_ASSET_SYMBOL_EXTENSIONS = YES;
				CLANG_ANALYZER_NONNULL = YES;
				CLANG_ANALYZER_NUMBER_OBJECT_CONVERSION = YES_AGGRESSIVE;
				CLANG_CXX_LANGUAGE_STANDARD = "gnu++20";
				CLANG_ENABLE_MODULES = YES;
				CLANG_ENABLE_OBJC_ARC = YES;
				CLANG_ENABLE_OBJC_WEAK = YES;
				CLANG_WARN_BLOCK_CAPTURE_AUTORELEASING = YES;
				CLANG_WARN_BOOL_CONVERSION = YES;
				CLANG_WARN_COMMA = YES;
				CLANG_WARN_CONSTANT_CONVERSION = YES;
				CLANG_WARN_DEPRECATED_OBJC_IMPLEMENTATIONS = YES;
				CLANG_WARN_DIRECT_OBJC_ISA_USAGE = YES_ERROR;
				CLANG_WARN_DOCUMENTATION_COMMENTS = YES;
				CLANG_WARN_EMPTY_BODY = YES;
				CLANG_WARN_ENUM_CONVERSION = YES;
				CLANG_WARN_INFINITE_RECURSION = YES;
				CLANG_WARN_INT_CONVERSION = YES;
				CLANG_WARN_NON_LITERAL_NULL_CONVERSION = YES;
				CLANG_WARN_OBJC_IMPLICIT_RETAIN_SELF = YES;
				CLANG_WARN_OBJC_LITERAL_CONVERSION = YES;
				CLANG_WARN_OBJC_ROOT_CLASS = YES_ERROR;
				CLANG_WARN_QUOTED_INCLUDE_IN_FRAMEWORK_HEADER = YES;
				CLANG_WARN_RANGE_LOOP_ANALYSIS = YES;
				CLANG_WARN_STRICT_PROTOTYPES = YES;
				CLANG_WARN_SUSPICIOUS_MOVE = YES;
				CLANG_WARN_UNGUARDED_AVAILABILITY = YES_AGGRESSIVE;
				CLANG_WARN_UNREACHABLE_CODE = YES;
				CLANG_WARN__DUPLICATE_METHOD_MATCH = YES;
				COPY_PHASE_STRIP = NO;
				DEBUG_INFORMATION_FORMAT = "dwarf-with-dsym";
				ENABLE_NS_ASSERTIONS = NO;
				ENABLE_STRICT_OBJC_MSGSEND = YES;
				ENABLE_USER_SCRIPT_SANDBOXING = YES;
				GCC_C_LANGUAGE_STANDARD = gnu17;
				GCC_NO_COMMON_BLOCKS = YES;
				GCC_WARN_64_TO_32_BIT_CONVERSION = YES;
				GCC_WARN_ABOUT_RETURN_TYPE = YES_ERROR;
				GCC_WARN_UNDECLARED_SELECTOR = YES;
				GCC_WARN_UNINITIALIZED_AUTOS = YES_AGGRESSIVE;
				GCC_WARN_UNUSED_FUNCTION = YES;
				GCC_WARN_UNUSED_VARIABLE = YES;
				IPHONEOS_DEPLOYMENT_TARGET = 17.0;
				LOCALIZATION_PREFERS_STRING_CATALOGS = YES;
				MTL_ENABLE_DEBUG_INFO = NO;
				MTL_FAST_MATH = YES;
				SDKROOT = iphoneos;
				SWIFT_COMPILATION_MODE = wholemodule;
				VALIDATE_PRODUCT = YES;
			};
			name = Release;
		};
		C5BB22ED2B2854D400C7E306 /* Debug */ = {
			isa = XCBuildConfiguration;
			buildSettings = {
				ASSETCATALOG_COMPILER_APPICON_NAME = AppIcon;
				ASSETCATALOG_COMPILER_GLOBAL_ACCENT_COLOR_NAME = AccentColor;
				CODE_SIGN_STYLE = Automatic;
				CURRENT_PROJECT_VERSION = 1;
				DEVELOPMENT_ASSET_PATHS = "\"suiTest/Preview Content\"";
				DEVELOPMENT_TEAM = 88PMY4A464;
				ENABLE_PREVIEWS = YES;
				GENERATE_INFOPLIST_FILE = YES;
				INFOPLIST_KEY_UIApplicationSceneManifest_Generation = YES;
				INFOPLIST_KEY_UIApplicationSupportsIndirectInputEvents = YES;
				INFOPLIST_KEY_UILaunchScreen_Generation = YES;
				INFOPLIST_KEY_UISupportedInterfaceOrientations_iPad = "UIInterfaceOrientationPortrait UIInterfaceOrientationPortraitUpsideDown UIInterfaceOrientationLandscapeLeft UIInterfaceOrientationLandscapeRight";
				INFOPLIST_KEY_UISupportedInterfaceOrientations_iPhone = "UIInterfaceOrientationPortrait UIInterfaceOrientationLandscapeLeft UIInterfaceOrientationLandscapeRight";
				LD_RUNPATH_SEARCH_PATHS = (
					"$(inherited)",
					"@executable_path/Frameworks",
				);
				MARKETING_VERSION = 1.0;
				PRODUCT_BUNDLE_IDENTIFIER = dstashkov.suiTest;
				PRODUCT_NAME = "$(TARGET_NAME)";
				SWIFT_EMIT_LOC_STRINGS = YES;
				SWIFT_VERSION = 5.0;
				TARGETED_DEVICE_FAMILY = "1,2";
			};
			name = Debug;
		};
		C5BB22EE2B2854D400C7E306 /* Release */ = {
			isa = XCBuildConfiguration;
			buildSettings = {
				ASSETCATALOG_COMPILER_APPICON_NAME = AppIcon;
				ASSETCATALOG_COMPILER_GLOBAL_ACCENT_COLOR_NAME = AccentColor;
				CODE_SIGN_STYLE = Automatic;
				CURRENT_PROJECT_VERSION = 1;
				DEVELOPMENT_ASSET_PATHS = "\"suiTest/Preview Content\"";
				DEVELOPMENT_TEAM = 88PMY4A464;
				ENABLE_PREVIEWS = YES;
				GENERATE_INFOPLIST_FILE = YES;
				INFOPLIST_KEY_UIApplicationSceneManifest_Generation = YES;
				INFOPLIST_KEY_UIApplicationSupportsIndirectInputEvents = YES;
				INFOPLIST_KEY_UILaunchScreen_Generation = YES;
				INFOPLIST_KEY_UISupportedInterfaceOrientations_iPad = "UIInterfaceOrientationPortrait UIInterfaceOrientationPortraitUpsideDown UIInterfaceOrientationLandscapeLeft UIInterfaceOrientationLandscapeRight";
				INFOPLIST_KEY_UISupportedInterfaceOrientations_iPhone = "UIInterfaceOrientationPortrait UIInterfaceOrientationLandscapeLeft UIInterfaceOrientationLandscapeRight";
				LD_RUNPATH_SEARCH_PATHS = (
					"$(inherited)",
					"@executable_path/Frameworks",
				);
				MARKETING_VERSION = 1.0;
				PRODUCT_BUNDLE_IDENTIFIER = dstashkov.suiTest;
				PRODUCT_NAME = "$(TARGET_NAME)";
				SWIFT_EMIT_LOC_STRINGS = YES;
				SWIFT_VERSION = 5.0;
				TARGETED_DEVICE_FAMILY = "1,2";
			};
			name = Release;
		};
/* End XCBuildConfiguration section */

/* Begin XCConfigurationList section */
		C5BB22D92B2854D200C7E306 /* Build configuration list for PBXProject "suiTest" */ = {
			isa = XCConfigurationList;
			buildConfigurations = (
				C5BB22EA2B2854D400C7E306 /* Debug */,
				C5BB22EB2B2854D400C7E306 /* Release */,
			);
			defaultConfigurationIsVisible = 0;
			defaultConfigurationName = Release;
		};
		C5BB22EC2B2854D400C7E306 /* Build configuration list for PBXNativeTarget "suiTest" */ = {
			isa = XCConfigurationList;
			buildConfigurations = (
				C5BB22ED2B2854D400C7E306 /* Debug */,
				C5BB22EE2B2854D400C7E306 /* Release */,
			);
			defaultConfigurationIsVisible = 0;
			defaultConfigurationName = Release;
		};
/* End XCConfigurationList section */
	};
	rootObject = C5BB22D62B2854D200C7E306 /* Project object */;
}
